
Microsoft Visual Studio Solution File, Format Version 12.00
# Visual Studio 15
Project("{FAE04EC0-301F-11D3-BF4B-00C04F79EFBC}") = "PhotonUnityNetworking.Demos", "PhotonUnityNetworking.Demos.csproj", "{3DFA2426-24C1-B2FC-AAB1-FF935AC3EFA0}"
EndProject
Project("{FAE04EC0-301F-11D3-BF4B-00C04F79EFBC}") = "Assembly-CSharp", "Assembly-CSharp.csproj", "{A34F617F-FA76-A343-BAB7-994CDA8B1E85}"
EndProject
Project("{FAE04EC0-301F-11D3-BF4B-00C04F79EFBC}") = "PhotonUnityNetworking.Utilities", "PhotonUnityNetworking.Utilities.csproj", "{FE9FE245-C87E-016D-9B8C-B3198023FFAB}"
EndProject
Project("{FAE04EC0-301F-11D3-BF4B-00C04F79EFBC}") = "PhotonChat", "PhotonChat.csproj", "{3836B128-585A-DDE8-FD96-A7C6F497E1D6}"
EndProject
Project("{FAE04EC0-301F-11D3-BF4B-00C04F79EFBC}") = "PhotonUnityNetworking", "PhotonUnityNetworking.csproj", "{3D888817-5466-9279-93B7-0EA3B8D6F11A}"
EndProject
Project("{FAE04EC0-301F-11D3-BF4B-00C04F79EFBC}") = "PhotonRealtime", "PhotonRealtime.csproj", "{F45BD340-6150-6388-669D-CC605CF96181}"
EndProject
Project("{FAE04EC0-301F-11D3-BF4B-00C04F79EFBC}") = "PhotonUnityNetworking.Editor", "PhotonUnityNetworking.Editor.csproj", "{DF05B617-60B9-D9C2-71F8-4809618C7BC3}"
EndProject
Project("{FAE04EC0-301F-11D3-BF4B-00C04F79EFBC}") = "PunDemos.DemoHubEditor", "PunDemos.DemoHubEditor.csproj", "{80996720-B39F-5098-39E2-BC03D9F0BE88}"
EndProject
Project("{FAE04EC0-301F-11D3-BF4B-00C04F79EFBC}") = "PhotonUnityNetworking.Utilities.PhotonPlayer.Editor", "PhotonUnityNetworking.Utilities.PhotonPlayer.Editor.csproj", "{7E352CBF-19AF-B53D-DDBE-B6B8A3AB991C}"
EndProject
Project("{FAE04EC0-301F-11D3-BF4B-00C04F79EFBC}") = "PhotonUnityNetworking.Utilities.Culling.Editor", "PhotonUnityNetworking.Utilities.Culling.Editor.csproj", "{B6A381ED-EF07-F554-467F-DF1F15DE27CB}"
EndProject
Project("{FAE04EC0-301F-11D3-BF4B-00C04F79EFBC}") = "PunDemos.DemoSlotcarEditor", "PunDemos.DemoSlotcarEditor.csproj", "{E8658BB8-6EBA-FA69-E61F-7AE11485E527}"
EndProject
Global
	GlobalSection(SolutionConfigurationPlatforms) = preSolution
		Debug|Any CPU = Debug|Any CPU
		Release|Any CPU = Release|Any CPU
	EndGlobalSection
	GlobalSection(ProjectConfigurationPlatforms) = postSolution
		{3DFA2426-24C1-B2FC-AAB1-FF935AC3EFA0}.Debug|Any CPU.ActiveCfg = Debug|Any CPU
		{3DFA2426-24C1-B2FC-AAB1-FF935AC3EFA0}.Debug|Any CPU.Build.0 = Debug|Any CPU
		{3DFA2426-24C1-B2FC-AAB1-FF935AC3EFA0}.Release|Any CPU.ActiveCfg = Release|Any CPU
		{3DFA2426-24C1-B2FC-AAB1-FF935AC3EFA0}.Release|Any CPU.Build.0 = Release|Any CPU
		{A34F617F-FA76-A343-BAB7-994CDA8B1E85}.Debug|Any CPU.ActiveCfg = Debug|Any CPU
		{A34F617F-FA76-A343-BAB7-994CDA8B1E85}.Debug|Any CPU.Build.0 = Debug|Any CPU
		{A34F617F-FA76-A343-BAB7-994CDA8B1E85}.Release|Any CPU.ActiveCfg = Release|Any CPU
		{A34F617F-FA76-A343-BAB7-994CDA8B1E85}.Release|Any CPU.Build.0 = Release|Any CPU
		{FE9FE245-C87E-016D-9B8C-B3198023FFAB}.Debug|Any CPU.ActiveCfg = Debug|Any CPU
		{FE9FE245-C87E-016D-9B8C-B3198023FFAB}.Debug|Any CPU.Build.0 = Debug|Any CPU
		{FE9FE245-C87E-016D-9B8C-B3198023FFAB}.Release|Any CPU.ActiveCfg = Release|Any CPU
		{FE9FE245-C87E-016D-9B8C-B3198023FFAB}.Release|Any CPU.Build.0 = Release|Any CPU
		{3836B128-585A-DDE8-FD96-A7C6F497E1D6}.Debug|Any CPU.ActiveCfg = Debug|Any CPU
		{3836B128-585A-DDE8-FD96-A7C6F497E1D6}.Debug|Any CPU.Build.0 = Debug|Any CPU
		{3836B128-585A-DDE8-FD96-A7C6F497E1D6}.Release|Any CPU.ActiveCfg = Release|Any CPU
		{3836B128-585A-DDE8-FD96-A7C6F497E1D6}.Release|Any CPU.Build.0 = Release|Any CPU
		{3D888817-5466-9279-93B7-0EA3B8D6F11A}.Debug|Any CPU.ActiveCfg = Debug|Any CPU
		{3D888817-5466-9279-93B7-0EA3B8D6F11A}.Debug|Any CPU.Build.0 = Debug|Any CPU
		{3D888817-5466-9279-93B7-0EA3B8D6F11A}.Release|Any CPU.ActiveCfg = Release|Any CPU
		{3D888817-5466-9279-93B7-0EA3B8D6F11A}.Release|Any CPU.Build.0 = Release|Any CPU
		{F45BD340-6150-6388-669D-CC605CF96181}.Debug|Any CPU.ActiveCfg = Debug|Any CPU
		{F45BD340-6150-6388-669D-CC605CF96181}.Debug|Any CPU.Build.0 = Debug|Any CPU
		{F45BD340-6150-6388-669D-CC605CF96181}.Release|Any CPU.ActiveCfg = Release|Any CPU
		{F45BD340-6150-6388-669D-CC605CF96181}.Release|Any CPU.Build.0 = Release|Any CPU
		{DF05B617-60B9-D9C2-71F8-4809618C7BC3}.Debug|Any CPU.ActiveCfg = Debug|Any CPU
		{DF05B617-60B9-D9C2-71F8-4809618C7BC3}.Debug|Any CPU.Build.0 = Debug|Any CPU
		{DF05B617-60B9-D9C2-71F8-4809618C7BC3}.Release|Any CPU.ActiveCfg = Release|Any CPU
		{DF05B617-60B9-D9C2-71F8-4809618C7BC3}.Release|Any CPU.Build.0 = Release|Any CPU
		{80996720-B39F-5098-39E2-BC03D9F0BE88}.Debug|Any CPU.ActiveCfg = Debug|Any CPU
		{80996720-B39F-5098-39E2-BC03D9F0BE88}.Debug|Any CPU.Build.0 = Debug|Any CPU
		{80996720-B39F-5098-39E2-BC03D9F0BE88}.Release|Any CPU.ActiveCfg = Release|Any CPU
		{80996720-B39F-5098-39E2-BC03D9F0BE88}.Release|Any CPU.Build.0 = Release|Any CPU
		{7E352CBF-19AF-B53D-DDBE-B6B8A3AB991C}.Debug|Any CPU.ActiveCfg = Debug|Any CPU
		{7E352CBF-19AF-B53D-DDBE-B6B8A3AB991C}.Debug|Any CPU.Build.0 = Debug|Any CPU
		{7E352CBF-19AF-B53D-DDBE-B6B8A3AB991C}.Release|Any CPU.ActiveCfg = Release|Any CPU
		{7E352CBF-19AF-B53D-DDBE-B6B8A3AB991C}.Release|Any CPU.Build.0 = Release|Any CPU
		{B6A381ED-EF07-F554-467F-DF1F15DE27CB}.Debug|Any CPU.ActiveCfg = Debug|Any CPU
		{B6A381ED-EF07-F554-467F-DF1F15DE27CB}.Debug|Any CPU.Build.0 = Debug|Any CPU
		{B6A381ED-EF07-F554-467F-DF1F15DE27CB}.Release|Any CPU.ActiveCfg = Release|Any CPU
		{B6A381ED-EF07-F554-467F-DF1F15DE27CB}.Release|Any CPU.Build.0 = Release|Any CPU
		{E8658BB8-6EBA-FA69-E61F-7AE11485E527}.Debug|Any CPU.ActiveCfg = Debug|Any CPU
		{E8658BB8-6EBA-FA69-E61F-7AE11485E527}.Debug|Any CPU.Build.0 = Debug|Any CPU
		{E8658BB8-6EBA-FA69-E61F-7AE11485E527}.Release|Any CPU.ActiveCfg = Release|Any CPU
		{E8658BB8-6EBA-FA69-E61F-7AE11485E527}.Release|Any CPU.Build.0 = Release|Any CPU
	EndGlobalSection
	GlobalSection(SolutionProperties) = preSolution
		HideSolutionNode = FALSE
	EndGlobalSection
EndGlobal
